
Microsoft Visual Studio Solution File, Format Version 12.00
# Visual Studio Version 17
VisualStudioVersion = 17.13.35825.156
MinimumVisualStudioVersion = 10.0.40219.1
Project("{FAE04EC0-301F-11D3-BF4B-00C04F79EFBC}") = "pbr2msfs", "pbr2msfs.csproj", "{08B24928-85B1-465F-8761-AF01FCE8B15F}"
EndProject
Global
	GlobalSection(SolutionConfigurationPlatforms) = preSolution
		Debug|Any CPU = Debug|Any CPU
		Release|Any CPU = Release|Any CPU
	EndGlobalSection
	GlobalSection(ProjectConfigurationPlatforms) = postSolution
		{08B24928-85B1-465F-8761-AF01FCE8B15F}.Debug|Any CPU.ActiveCfg = Debug|Any CPU
		{08B24928-85B1-465F-8761-AF01FCE8B15F}.Debug|Any CPU.Build.0 = Debug|Any CPU
		{08B24928-85B1-465F-8761-AF01FCE8B15F}.Release|Any CPU.ActiveCfg = Release|Any CPU
		{08B24928-85B1-465F-8761-AF01FCE8B15F}.Release|Any CPU.Build.0 = Release|Any CPU
	EndGlobalSection
	GlobalSection(SolutionProperties) = preSolution
		HideSolutionNode = FALSE
	EndGlobalSection
	GlobalSection(ExtensibilityGlobals) = postSolution
		SolutionGuid = {0BA7B930-F94F-4B39-84DE-B369BA5462F3}
	EndGlobalSection
EndGlobal
